dependencies:
- name: postgresql
  repository: https://charts.bitnami.com/bitnami
  version: 12.5.6
- name: redis
  repository: https://charts.bitnami.com/bitnami
  version: 16.13.2
- name: weaviate
  repository: https://weaviate.github.io/weaviate-helm
  version: 17.3.3
- name: qdrant
  repository: https://qdrant.github.io/qdrant-helm
  version: 0.7.4
digest: sha256:b59b7f46caadae116dddd6e0639bf3aca2df34af3ce1d52b001b3c5cf3e70931
generated: "2026-01-06T17:46:47.826848+01:00"
